
Microsoft Visual Studio Solution File, Format Version 12.00
# Visual Studio Version 17
VisualStudioVersion = 17.3.32929.385
MinimumVisualStudioVersion = 10.0.40219.1
Project("{888888A0-9F3D-457C-B088-3A5042F75D52}") = "ai shorts code", "ai shorts code.pyproj", "{9C8B5353-80C2-48C1-B2F5-07B20031DFEE}"
EndProject
Global
	GlobalSection(SolutionConfigurationPlatforms) = preSolution
		Debug|Any CPU = Debug|Any CPU
		Release|Any CPU = Release|Any CPU
	EndGlobalSection
	GlobalSection(ProjectConfigurationPlatforms) = postSolution
		{9C8B5353-80C2-48C1-B2F5-07B20031DFEE}.Debug|Any CPU.ActiveCfg = Debug|Any CPU
		{9C8B5353-80C2-48C1-B2F5-07B20031DFEE}.Release|Any CPU.ActiveCfg = Release|Any CPU
	EndGlobalSection
	GlobalSection(SolutionProperties) = preSolution
		HideSolutionNode = FALSE
	EndGlobalSection
	GlobalSection(ExtensibilityGlobals) = postSolution
		SolutionGuid = {6494C8C3-F6AE-4C48-B443-23C64761E71C}
	EndGlobalSection
EndGlobal
